
Microsoft Visual Studio Solution File, Format Version 12.00
# Visual Studio 14
VisualStudioVersion = 14.0.25420.1
MinimumVisualStudioVersion = 10.0.40219.1
Project("{D954291E-2A0B-460D-934E-DC6B0785DB48}") = "PP.Data", "PP.Data.shproj", "{ACAEC2E1-C5A1-4E46-B843-7F2CFA40D75B}"
EndProject
Global
	GlobalSection(SharedMSBuildProjectFiles) = preSolution
		PP.Data.projitems*{acaec2e1-c5a1-4e46-b843-7f2cfa40d75b}*SharedItemsImports = 13
	EndGlobalSection
	GlobalSection(SolutionProperties) = preSolution
		HideSolutionNode = FALSE
	EndGlobalSection
EndGlobal
